
Microsoft Visual Studio Solution File, Format Version 12.00
# Visual Studio Version 16
VisualStudioVersion = 16.0.30907.101
MinimumVisualStudioVersion = 10.0.40219.1
Project("{FAE04EC0-301F-11D3-BF4B-00C04F79EFBC}") = "KenKata", "KenKata\KenKata.csproj", "{975C66FE-2A1B-4200-80D6-CA6510734946}"
EndProject
Global
	GlobalSection(SolutionConfigurationPlatforms) = preSolution
		Debug|Any CPU = Debug|Any CPU
		Release|Any CPU = Release|Any CPU
	EndGlobalSection
	GlobalSection(ProjectConfigurationPlatforms) = postSolution
		{975C66FE-2A1B-4200-80D6-CA6510734946}.Debug|Any CPU.ActiveCfg = Debug|Any CPU
		{975C66FE-2A1B-4200-80D6-CA6510734946}.Debug|Any CPU.Build.0 = Debug|Any CPU
		{975C66FE-2A1B-4200-80D6-CA6510734946}.Release|Any CPU.ActiveCfg = Release|Any CPU
		{975C66FE-2A1B-4200-80D6-CA6510734946}.Release|Any CPU.Build.0 = Release|Any CPU
	EndGlobalSection
	GlobalSection(SolutionProperties) = preSolution
		HideSolutionNode = FALSE
	EndGlobalSection
	GlobalSection(ExtensibilityGlobals) = postSolution
		SolutionGuid = {4BF79B7F-7872-4951-A907-BCBC6C123CCB}
	EndGlobalSection
EndGlobal
